
Microsoft Visual Studio Solution File, Format Version 12.00
# Visual Studio 15
VisualStudioVersion = 15.0.28307.271
MinimumVisualStudioVersion = 10.0.40219.1
Project("{F184B08F-C81C-45F6-A57F-5ABD9991F28F}") = "WindowsFileExplorer", "WindowsFileExplorer\WindowsFileExplorer.vbproj", "{A7B41072-3B76-4D42-A744-B6C9A163F02C}"
EndProject
Global
	GlobalSection(SolutionConfigurationPlatforms) = preSolution
		Debug|Any CPU = Debug|Any CPU
		Release|Any CPU = Release|Any CPU
	EndGlobalSection
	GlobalSection(ProjectConfigurationPlatforms) = postSolution
		{A7B41072-3B76-4D42-A744-B6C9A163F02C}.Debug|Any CPU.ActiveCfg = Debug|Any CPU
		{A7B41072-3B76-4D42-A744-B6C9A163F02C}.Debug|Any CPU.Build.0 = Debug|Any CPU
		{A7B41072-3B76-4D42-A744-B6C9A163F02C}.Release|Any CPU.ActiveCfg = Release|Any CPU
		{A7B41072-3B76-4D42-A744-B6C9A163F02C}.Release|Any CPU.Build.0 = Release|Any CPU
	EndGlobalSection
	GlobalSection(SolutionProperties) = preSolution
		HideSolutionNode = FALSE
	EndGlobalSection
	GlobalSection(ExtensibilityGlobals) = postSolution
		SolutionGuid = {FDB876FC-F693-4F85-8A4F-0AF09519B413}
	EndGlobalSection
EndGlobal
